
Microsoft Visual Studio Solution File, Format Version 12.00
Project("{FAE04EC0-301F-11D3-BF4B-00C04F79EFBC}") = "Team randomizor", "Team randomizor\Team randomizor.csproj", "{127BA7D3-5C79-464B-860F-98DAA4AF8026}"
EndProject
Global
	GlobalSection(SolutionConfigurationPlatforms) = preSolution
		Debug|Any CPU = Debug|Any CPU
		Release|Any CPU = Release|Any CPU
	EndGlobalSection
	GlobalSection(ProjectConfigurationPlatforms) = postSolution
		{127BA7D3-5C79-464B-860F-98DAA4AF8026}.Debug|Any CPU.ActiveCfg = Debug|Any CPU
		{127BA7D3-5C79-464B-860F-98DAA4AF8026}.Debug|Any CPU.Build.0 = Debug|Any CPU
		{127BA7D3-5C79-464B-860F-98DAA4AF8026}.Release|Any CPU.ActiveCfg = Release|Any CPU
		{127BA7D3-5C79-464B-860F-98DAA4AF8026}.Release|Any CPU.Build.0 = Release|Any CPU
	EndGlobalSection
EndGlobal
